PODS:
  - Nimble (7.1.1)
  - Quick (1.3.0)
  - SwiftLint (0.24.0)
  - SwiftRuler (2.1.0)

DEPENDENCIES:
  - Nimble
  - Quick
  - SwiftLint
  - SwiftRuler (from `../`)

SPEC REPOS:
  trunk:
    - Nimble
    - Quick
    - SwiftLint

EXTERNAL SOURCES:
  SwiftRuler:
    :path: "../"

SPEC CHECKSUMS:
  Nimble: 391f07782af4b37914f9bd7b2ffbb952731b8202
  Quick: 03278013f71aa05fe9ecabc94fbcc6835f1ee76f
  SwiftLint: a014c92b4664e8b13f380f8640a51bb1733778ba
  SwiftRuler: 622d3a085032885dd42305851810764d0280b24c

PODFILE CHECKSUM: a1e7f6a67f5522b5016be731439418cb8fa8b3e7

COCOAPODS: 1.12.1
